
Microsoft Visual Studio Solution File, Format Version 12.00
# Visual Studio Version 16
VisualStudioVersion = 16.0.31205.134
MinimumVisualStudioVersion = 10.0.40219.1
Project("{FAE04EC0-301F-11D3-BF4B-00C04F79EFBC}") = "mcInfo", "mcInfo\mcInfo.csproj", "{65E019BB-19B2-42C2-8DD9-33D12E962407}"
EndProject
Global
	GlobalSection(SolutionConfigurationPlatforms) = preSolution
		Debug|Any CPU = Debug|Any CPU
		Release|Any CPU = Release|Any CPU
	EndGlobalSection
	GlobalSection(ProjectConfigurationPlatforms) = postSolution
		{65E019BB-19B2-42C2-8DD9-33D12E962407}.Debug|Any CPU.ActiveCfg = Debug|Any CPU
		{65E019BB-19B2-42C2-8DD9-33D12E962407}.Debug|Any CPU.Build.0 = Debug|Any CPU
		{65E019BB-19B2-42C2-8DD9-33D12E962407}.Release|Any CPU.ActiveCfg = Release|Any CPU
		{65E019BB-19B2-42C2-8DD9-33D12E962407}.Release|Any CPU.Build.0 = Release|Any CPU
	EndGlobalSection
	GlobalSection(SolutionProperties) = preSolution
		HideSolutionNode = FALSE
	EndGlobalSection
	GlobalSection(ExtensibilityGlobals) = postSolution
		SolutionGuid = {6E0CC981-270A-4D6A-B9B5-953ED925334C}
	EndGlobalSection
EndGlobal
